
Microsoft Visual Studio Solution File, Format Version 12.00
# Visual Studio Version 16
VisualStudioVersion = 16.0.31205.134
MinimumVisualStudioVersion = 10.0.40219.1
Project("{FAE04EC0-301F-11D3-BF4B-00C04F79EFBC}") = "Realmar.Jobbernetes.Framework", "Realmar.Jobbernetes.Framework\Realmar.Jobbernetes.Framework.csproj", "{73AF286A-7A00-4881-93AE-80C4054B54E1}"
EndProject
Project("{FAE04EC0-301F-11D3-BF4B-00C04F79EFBC}") = "Realmar.Jobbernetes.DemoJob", "Realmar.Jobbernetes.DemoJob\Realmar.Jobbernetes.DemoJob.csproj", "{7A8AA8B6-94DD-4DC1-870A-828265C87A65}"
EndProject
Project("{FAE04EC0-301F-11D3-BF4B-00C04F79EFBC}") = "Realmar.Jobbernetes.Hosting", "Realmar.Jobbernetes.Hosting\Realmar.Jobbernetes.Hosting.csproj", "{667029DA-0FE3-4015-B2DF-CC43D42D1B90}"
EndProject
Global
	GlobalSection(SolutionConfigurationPlatforms) = preSolution
		Debug|Any CPU = Debug|Any CPU
		Release|Any CPU = Release|Any CPU
	EndGlobalSection
	GlobalSection(ProjectConfigurationPlatforms) = postSolution
		{73AF286A-7A00-4881-93AE-80C4054B54E1}.Debug|Any CPU.ActiveCfg = Debug|Any CPU
		{73AF286A-7A00-4881-93AE-80C4054B54E1}.Debug|Any CPU.Build.0 = Debug|Any CPU
		{73AF286A-7A00-4881-93AE-80C4054B54E1}.Release|Any CPU.ActiveCfg = Release|Any CPU
		{73AF286A-7A00-4881-93AE-80C4054B54E1}.Release|Any CPU.Build.0 = Release|Any CPU
		{7A8AA8B6-94DD-4DC1-870A-828265C87A65}.Debug|Any CPU.ActiveCfg = Debug|Any CPU
		{7A8AA8B6-94DD-4DC1-870A-828265C87A65}.Debug|Any CPU.Build.0 = Debug|Any CPU
		{7A8AA8B6-94DD-4DC1-870A-828265C87A65}.Release|Any CPU.ActiveCfg = Release|Any CPU
		{7A8AA8B6-94DD-4DC1-870A-828265C87A65}.Release|Any CPU.Build.0 = Release|Any CPU
		{667029DA-0FE3-4015-B2DF-CC43D42D1B90}.Debug|Any CPU.ActiveCfg = Debug|Any CPU
		{667029DA-0FE3-4015-B2DF-CC43D42D1B90}.Debug|Any CPU.Build.0 = Debug|Any CPU
		{667029DA-0FE3-4015-B2DF-CC43D42D1B90}.Release|Any CPU.ActiveCfg = Release|Any CPU
		{667029DA-0FE3-4015-B2DF-CC43D42D1B90}.Release|Any CPU.Build.0 = Release|Any CPU
	EndGlobalSection
	GlobalSection(SolutionProperties) = preSolution
		HideSolutionNode = FALSE
	EndGlobalSection
	GlobalSection(ExtensibilityGlobals) = postSolution
		SolutionGuid = {371BB737-B66B-4CD9-902C-15BA074FDFE1}
	EndGlobalSection
EndGlobal
